
Microsoft Visual Studio Solution File, Format Version 12.00
# Visual Studio 14
VisualStudioVersion = 14.0.25420.1
MinimumVisualStudioVersion = 10.0.40219.1
Project("{FAE04EC0-301F-11D3-BF4B-00C04F79EFBC}") = "WinArgv", "WinArgv.csproj", "{9BD4C09E-FDA1-48A4-81AD-E3B9324973A1}"
EndProject
Project("{FAE04EC0-301F-11D3-BF4B-00C04F79EFBC}") = "TestWinArgv", "TestWinArgv\TestWinArgv.csproj", "{EFA7FA03-101F-4E45-AD9A-EB0011B46BE9}"
	ProjectSection(ProjectDependencies) = postProject
		{B98F0380-90C9-4185-A854-AEEEB482CFE9} = {B98F0380-90C9-4185-A854-AEEEB482CFE9}
	EndProjectSection
EndProject
Project("{FAE04EC0-301F-11D3-BF4B-00C04F79EFBC}") = "CommandLineTester", "CommandLineTester\CommandLineTester.csproj", "{B98F0380-90C9-4185-A854-AEEEB482CFE9}"
EndProject
Global
	GlobalSection(SolutionConfigurationPlatforms) = preSolution
		Debug|Any CPU = Debug|Any CPU
		Release|Any CPU = Release|Any CPU
	EndGlobalSection
	GlobalSection(ProjectConfigurationPlatforms) = postSolution
		{9BD4C09E-FDA1-48A4-81AD-E3B9324973A1}.Debug|Any CPU.ActiveCfg = Debug|Any CPU
		{9BD4C09E-FDA1-48A4-81AD-E3B9324973A1}.Debug|Any CPU.Build.0 = Debug|Any CPU
		{9BD4C09E-FDA1-48A4-81AD-E3B9324973A1}.Release|Any CPU.ActiveCfg = Release|Any CPU
		{9BD4C09E-FDA1-48A4-81AD-E3B9324973A1}.Release|Any CPU.Build.0 = Release|Any CPU
		{EFA7FA03-101F-4E45-AD9A-EB0011B46BE9}.Debug|Any CPU.ActiveCfg = Debug|Any CPU
		{EFA7FA03-101F-4E45-AD9A-EB0011B46BE9}.Debug|Any CPU.Build.0 = Debug|Any CPU
		{EFA7FA03-101F-4E45-AD9A-EB0011B46BE9}.Release|Any CPU.ActiveCfg = Release|Any CPU
		{EFA7FA03-101F-4E45-AD9A-EB0011B46BE9}.Release|Any CPU.Build.0 = Release|Any CPU
		{B98F0380-90C9-4185-A854-AEEEB482CFE9}.Debug|Any CPU.ActiveCfg = Debug|Any CPU
		{B98F0380-90C9-4185-A854-AEEEB482CFE9}.Debug|Any CPU.Build.0 = Debug|Any CPU
		{B98F0380-90C9-4185-A854-AEEEB482CFE9}.Release|Any CPU.ActiveCfg = Release|Any CPU
		{B98F0380-90C9-4185-A854-AEEEB482CFE9}.Release|Any CPU.Build.0 = Release|Any CPU
	EndGlobalSection
	GlobalSection(SolutionProperties) = preSolution
		HideSolutionNode = FALSE
	EndGlobalSection
EndGlobal
